{
  "schema": 1,
  "chromium": {
    "version": "153.0.8010.52",
    "devtools_revision": "511172b786248e29d7493bf954faa57f834dc5b3",
    "archive_filename": "chromium-153.0.8010.52-linux.tar.xz",
    "archive_url": "https://github.com/chromium-linux-tarballs/chromium-tarballs/releases/download/153.0.8010.52/chromium-153.0.8010.52-linux.tar.xz",
    "archive_size": 1878470976,
    "archive_sha512": "144667ff65b4018b9afd911bd9acfa83f8e396b984d03b5b0f5588c46f36989e5d523522b1cfb471d2cef0f29a60b7ea3e7ec21f3cae100ca65835be1c023d17"
  },
  "source_inputs": {
    "ungoogled": {
      "revision": "a638756eb14c8b6ce64b4b2a067afea5d4207bf4",
      "filename": "ungoogled-a638756eb14c8b6ce64b4b2a067afea5d4207bf4.tar.gz",
      "url": "https://github.com/ungoogled-software/ungoogled-chromium/archive/a638756eb14c8b6ce64b4b2a067afea5d4207bf4.tar.gz",
      "size": 671665,
      "sha512": "0b0bbeb1d213cc6ae1764ea628ae32fb2762419b4a554f0a4f6ba40d56df103e67ea0972cbbb5f4c0954fd6c22913badc081dcb6ebc87a3152b65f617a854efb"
    },
    "portablelinux": {
      "revision": "effeae1d0728db00ed21cbf603af88e0fc38f97b",
      "filename": "portablelinux-effeae1d0728db00ed21cbf603af88e0fc38f97b.tar.gz",
      "url": "https://github.com/ungoogled-software/ungoogled-chromium-portablelinux/archive/effeae1d0728db00ed21cbf603af88e0fc38f97b.tar.gz",
      "size": 16799,
      "sha512": "ac297490b0eaa8a21451508888fb5ea168591e20c7110cf533026a8ab56eca3a29f3dbb177b63e224c3e7e5a1a3f76e9502c366dab24126cde6152efb6a3cc8a"
    },
    "alpine": {
      "revision": "4a3cc589c1e0ad0f7a26b519014e6322e1d5c419",
      "filename": "aports-4a3cc589c1e0ad0f7a26b519014e6322e1d5c419.tar.gz",
      "url": "https://gitlab.alpinelinux.org/alpine/aports/-/archive/4a3cc589c1e0ad0f7a26b519014e6322e1d5c419/aports-4a3cc589c1e0ad0f7a26b519014e6322e1d5c419.tar.gz",
      "size": 14268061,
      "sha512": "0207cd32606a1bd343e3b3ea8925735d1e18fa5668da2dc9a936f8b033318245234b328b7c8ef68166a90a9e7cf781873f6360cba5d5778126e5451be0dd2029"
    },
    "copium": {
      "revision": "153.0",
      "filename": "copium-153.0.tar.gz",
      "url": "https://codeberg.org/selfisekai/copium/archive/153.0.tar.gz",
      "size": 30571,
      "sha512": "6f8286defd231a589f4f042019a90595050c08821f8c1cfec843345ef724b4fc7233162f9a6da0857b838fccb8d36961eb28189ff0589abbe19e021dea64aff4"
    }
  },
  "test_inputs": {
    "ublock_origin": {
      "version": "1.72.0",
      "filename": "uBlock0_1.72.0.chromium.zip",
      "url": "https://github.com/gorhill/uBlock/releases/download/1.72.0/uBlock0_1.72.0.chromium.zip",
      "size": 4617915,
      "sha512": "ce98b58145bc1263ca919e9e329b2b402257d8b8eef325ec2b83392812f69ed62aba41866a3a7daecc166f2b5a18392467e9aae5af9d208b51cf1b02cc20d121"
    }
  },
  "source_identity": {
    "schema": 1,
    "chromium_version": "153.0.8010.52",
    "devtools_revision": "511172b786248e29d7493bf954faa57f834dc5b3"
  },
  "build_tools": {
    "ninja": {
      "package": "ninja-build=1.13.2-r1",
      "path": "/usr/local/bin/ninja"
    }
  },
  "base": {
    "release": "3.24.1",
    "digests": {
      "arm64": "sha256:e7a1a92a5bfeee40966aea60f0796b0e7917cc35591542701834f03a68fa3d18",
      "amd64": "sha256:79ff19e9084a00eece421b2523fb93e22d730e2c0e525905de047e848e56d95f"
    }
  },
  "toolchain": {
    "distribution": "chromium-clang",
    "version": "24.0.0git",
    "revision": "llvmorg-24-init-3796-g20e97c4b-2",
    "lld_version": "24.0.0",
    "root": "/opt/chromium-llvm",
    "clang_cfg_sha256": "234bdd941720eee7c052191816d7fa1ec0dd44e6f97f8119ab3f577fbf3eddc2",
    "clangxx_cfg_sha256": "234bdd941720eee7c052191816d7fa1ec0dd44e6f97f8119ab3f577fbf3eddc2",
    "host_runtime": {
      "image": "debian@sha256:3783cc01769c7b2b1b83a5c5ad96c815348e28ed7da68e2e3687004faa906251",
      "purpose": "build-only glibc loader and libraries for Chromium's Linux_x64 compiler"
    },
    "architectures": {
      "amd64": {
        "linux_arch": "x86_64",
        "chromium_cpu": "x64",
        "target_triple": "x86_64-unknown-linux-musl",
        "archive_filename": "clang-llvmorg-24-init-3796-g20e97c4b-2.tar.xz",
        "archive_size": 59131228,
        "archive_url": "https://commondatastorage.googleapis.com/chromium-browser-clang/Linux_x64/clang-llvmorg-24-init-3796-g20e97c4b-2.tar.xz",
        "archive_sha256": "86d53b33007a35695645e3867589a20f6f8aeedd146331e1a2ec8fd371e05ea2"
      }
    }
  },
  "ccache": {
    "path": "/usr/bin/ccache",
    "package": "ccache=4.13.6-r0",
    "license": "GPL-3.0-or-later",
    "cache_root": "/ccache",
    "temp_root": "/ccache/tmp",
    "max_size": "10G",
    "compiler_check": "content",
    "compress": true,
    "compress_level": 1,
    "sloppiness": null,
    "base_dir": null,
    "namespace": "{architecture}-{toolchain_sha256}"
  },
  "system_library_policy": {
    "schema": 1,
    "ffmpeg_roots": ["libavcodec.so", "libavformat.so", "libavutil.so"],
    "forbidden_sonames": ["libc.so.6", "libstdc++.so.6", "libgcc_s.so.1"],
    "builder_only_sonames": ["libstdc++.so.6", "libgcc_s.so.1"],
    "exception_descendants": ["libavcodec.so", "libavformat.so", "libavutil.so"]
  }
}
