{
  "schema": 1,
  "chromium": {
    "version": "150.0.7871.114",
    "devtools_revision": "ec97cf3bbeea2cb623fbf97c4e3f22f5acb4d568",
    "archive_filename": "chromium-150.0.7871.114-linux.tar.xz",
    "archive_url": "https://github.com/chromium-linux-tarballs/chromium-tarballs/releases/download/150.0.7871.114/chromium-150.0.7871.114-linux.tar.xz",
    "archive_size": 1670274328,
    "archive_sha512": "c6ab88182810bbf9423f01c1c4d02abfb3dcec8c182095ddfae5a49bb3817aef21a43eb743dcc95a6418ffaa54f3a8a4686795fb2e7be67f4c3d0ab489f0ee66"
  },
  "source_inputs": {
    "ungoogled": {
      "revision": "2d89b04e1b68385c9086efab0df1e3679b35246e",
      "filename": "ungoogled-2d89b04e1b68385c9086efab0df1e3679b35246e.tar.gz",
      "url": "https://github.com/ungoogled-software/ungoogled-chromium/archive/2d89b04e1b68385c9086efab0df1e3679b35246e.tar.gz",
      "size": 669641,
      "sha512": "645d45ec4e48cb3052e89eed21ca4845d6d84e55be818c6e33d6ae3cbbe55a65501f34d0e02ba10b80022ef6801169c878ab28b8d35e600d4894bf8abf55ca49"
    },
    "portablelinux": {
      "revision": "0033e274f91ec6aa57a36a486f41f46d801e381d",
      "filename": "portablelinux-0033e274f91ec6aa57a36a486f41f46d801e381d.tar.gz",
      "url": "https://github.com/ungoogled-software/ungoogled-chromium-portablelinux/archive/0033e274f91ec6aa57a36a486f41f46d801e381d.tar.gz",
      "size": 13680,
      "sha512": "76db5fc229b484ba6d04ccfa163a97051e3e71a8d166b1071123277743efd164390251003ef29bc82bd342926ef40e7befc258faa8cd5fd50054a63330b69d1e"
    },
    "alpine": {
      "revision": "bc56128509194816d5cd3441d17c20ca2d71cc68",
      "filename": "alpine-aports-bc56128509194816d5cd3441d17c20ca2d71cc68.tar.gz",
      "url": "https://gitlab.alpinelinux.org/alpine/aports/-/archive/bc56128509194816d5cd3441d17c20ca2d71cc68/aports-bc56128509194816d5cd3441d17c20ca2d71cc68.tar.gz",
      "size": 13982065,
      "sha512": "aee791c8ea8d8a8083a8d0d99e85df1ac5bf0b532e9dccdfe0d48f4e53c05c2aa77a950b4d1c064d63edbe056e96efc8a46a6e2e4c2e3de84ff319c42b77cd4e"
    },
    "copium": {
      "revision": "150.0",
      "filename": "copium-150.0.tar.gz",
      "url": "https://codeberg.org/selfisekai/copium/archive/150.0.tar.gz",
      "size": 14203,
      "sha512": "7b8316b95c103a1a992d48839ff4c460fde655707fc6e150cf0ec916d64df19ee002a3396d177134bba5fd6e3fefcd930a0f3d49bd23ad51bd459502ef1a5533"
    }
  },
  "test_inputs": {
    "ublock_origin": {
      "version": "1.72.0",
      "filename": "uBlock0_1.72.0.chromium.zip",
      "url": "https://github.com/gorhill/uBlock/releases/download/1.72.0/uBlock0_1.72.0.chromium.zip",
      "size": 4617915,
      "sha512": "ce98b58145bc1263ca919e9e329b2b402257d8b8eef325ec2b83392812f69ed62aba41866a3a7daecc166f2b5a18392467e9aae5af9d208b51cf1b02cc20d121"
    }
  },
  "source_identity": {
    "schema": 1,
    "chromium_version": "150.0.7871.114",
    "devtools_revision": "ec97cf3bbeea2cb623fbf97c4e3f22f5acb4d568"
  },
  "build_tools": {
    "ninja": {
      "version": "1.12.1",
      "source_url": "https://github.com/ninja-build/ninja/archive/refs/tags/v1.12.1.tar.gz",
      "source_size": 240483,
      "source_sha256": "821bdff48a3f683bc4bb3b6f0b5fe7b2d647cf65d52aeb63328c91a6c6df285a"
    }
  },
  "base": {
    "release": "3.24.1",
    "digests": {
      "arm64": "sha256:e7a1a92a5bfeee40966aea60f0796b0e7917cc35591542701834f03a68fa3d18",
      "amd64": "sha256:79ff19e9084a00eece421b2523fb93e22d730e2c0e525905de047e848e56d95f"
    }
  },
  "toolchain": {
    "version": "23.1.0-rc2",
    "lld_version": "23.1.0",
    "root": "/opt/llvm-musl",
    "clang_cfg_sha256": "8b29c8fab4c026894addf1cee2cda0792072ef0edd9694f840dd3b65db6963b1",
    "clangxx_cfg_sha256": "61396367eeb93c9695591c055f25d4925cd147e6dcb7d4cf7b9c0408e31aa7a8",
    "architectures": {
      "arm64": {
        "linux_arch": "aarch64",
        "chromium_cpu": "arm64",
        "target_triple": "aarch64-unknown-linux-musl",
        "archive_filename": "clang+llvm-23.1.0-rc2-aarch64-linux-musl.tar.xz",
        "archive_size": 91229132,
        "archive_url": "https://github.com/laputa-systems/llvm-prebuilt-musl/releases/download/llvm-musl-23.1.0-rc2-6eb5fb9/clang+llvm-23.1.0-rc2-aarch64-linux-musl.tar.xz",
        "archive_sha256": "0c9bd6f0fefa26dbdb7d6ed568f3799b558428b1ce1264656aa328fc6fd9e32d"
      },
      "amd64": {
        "linux_arch": "x86_64",
        "chromium_cpu": "x64",
        "target_triple": "x86_64-unknown-linux-musl",
        "archive_filename": "clang+llvm-23.1.0-rc2-x86_64-linux-musl.tar.xz",
        "archive_size": 99139524,
        "archive_url": "https://github.com/laputa-systems/llvm-prebuilt-musl/releases/download/llvm-musl-23.1.0-rc2-6eb5fb9/clang+llvm-23.1.0-rc2-x86_64-linux-musl.tar.xz",
        "archive_sha256": "36647cca0bf57d206a6ce757d07a9d8489ef6ccf283a2cc7f740d1cba99a088b"
      }
    }
  },
  "ccache": {
    "path": "/usr/bin/ccache",
    "package": "ccache=4.13.6-r0",
    "license": "GPL-3.0-or-later",
    "cache_root": "/ccache",
    "temp_root": "/ccache/tmp",
    "max_size": "10G",
    "compiler_check": "content",
    "compress": true,
    "compress_level": 1,
    "sloppiness": null,
    "base_dir": null,
    "namespace": "{architecture}-{toolchain_sha256}"
  },
  "system_library_policy": {
    "schema": 1,
    "ffmpeg_roots": ["libavcodec.so", "libavformat.so", "libavutil.so"],
    "forbidden_sonames": ["libc.so.6", "libstdc++.so.6", "libgcc_s.so.1"],
    "builder_only_sonames": ["libstdc++.so.6", "libgcc_s.so.1"],
    "exception_descendants": ["libavcodec.so", "libavformat.so", "libavutil.so"]
  }
}
